<?xml version="1.0" encoding="utf-8"?>
<Project ToolsVersion="4.0" xmlns="http://schemas.microsoft.com/developer/msbuild/2003">
  <ItemGroup>
    <Filter Include="system">
      <UniqueIdentifier>{22dd8095-74f9-46df-81a1-36675a040b1f}</UniqueIdentifier>
    </Filter>
    <Filter Include="Scene">
      <UniqueIdentifier>{6af1cb52-0495-4534-8f56-5ed1143fb3ba}</UniqueIdentifier>
    </Filter>
    <Filter Include="Component">
      <UniqueIdentifier>{8899b4cd-d411-4793-9f09-d2780a5887d2}</UniqueIdentifier>
    </Filter>
    <Filter Include="Component\Graphics">
      <UniqueIdentifier>{4df5709e-942f-4d2b-8e85-6085cbb7aa76}</UniqueIdentifier>
    </Filter>
    <Filter Include="InGameObject">
      <UniqueIdentifier>{939f6e96-7779-496c-aa28-cc087878e938}</UniqueIdentifier>
    </Filter>
    <Filter Include="InGameObject\Character">
      <UniqueIdentifier>{f3cd40db-b282-4ca1-aba1-85817e78872f}</UniqueIdentifier>
    </Filter>
    <Filter Include="InGameObject\Character\Playable">
      <UniqueIdentifier>{a8a7a2bb-edcc-4151-ab84-35c2c6fa053e}</UniqueIdentifier>
    </Filter>
    <Filter Include="system\Math">
      <UniqueIdentifier>{a6343b21-199b-47a9-b6fe-4166c15762d4}</UniqueIdentifier>
    </Filter>
    <Filter Include="Component\Math">
      <UniqueIdentifier>{5a381a00-4e65-4bfd-8439-4f653ed73825}</UniqueIdentifier>
    </Filter>
    <Filter Include="system\Memory">
      <UniqueIdentifier>{e1a528d4-35ee-4051-a133-c02bab039ce2}</UniqueIdentifier>
    </Filter>
  </ItemGroup>
  <ItemGroup>
    <ClCompile Include="stdafx.cpp" />
    <ClCompile Include="main.cpp" />
    <ClCompile Include="system\system.cpp">
      <Filter>system</Filter>
    </ClCompile>
    <ClCompile Include="Scene\TitleScene.cpp">
      <Filter>Scene</Filter>
    </ClCompile>
    <ClCompile Include="Scene\SceneManager.cpp">
      <Filter>Scene</Filter>
    </ClCompile>
    <ClCompile Include="Scene\SceneBase.cpp">
      <Filter>Scene</Filter>
    </ClCompile>
    <ClCompile Include="Scene\GameScene.cpp">
      <Filter>Scene</Filter>
    </ClCompile>
    <ClCompile Include="Component\Graphics\ViewModelComponent.cpp">
      <Filter>Component\Graphics</Filter>
    </ClCompile>
    <ClCompile Include="GameManager.cpp" />
    <ClCompile Include="InGameObject\Character\Playable\Soldier.cpp">
      <Filter>InGameObject\Character\Playable</Filter>
    </ClCompile>
    <ClCompile Include="Component\Math\TransformComponent.cpp">
      <Filter>Component\Math</Filter>
    </ClCompile>
    <ClCompile Include="system\Memory\Array.cpp">
      <Filter>system\Memory</Filter>
    </ClCompile>
    <ClCompile Include="system\Math\Transform.cpp">
      <Filter>system\Math</Filter>
    </ClCompile>
  </ItemGroup>
  <ItemGroup>
    <ClInclude Include="stdafx.h" />
    <ClInclude Include="system\system.h">
      <Filter>system</Filter>
    </ClInclude>
    <ClInclude Include="Scene\TitleScene.h">
      <Filter>Scene</Filter>
    </ClInclude>
    <ClInclude Include="Scene\SceneManager.h">
      <Filter>Scene</Filter>
    </ClInclude>
    <ClInclude Include="Scene\SceneBase.h">
      <Filter>Scene</Filter>
    </ClInclude>
    <ClInclude Include="Scene\GameScene.h">
      <Filter>Scene</Filter>
    </ClInclude>
    <ClInclude Include="Component\Graphics\ViewModelComponent.h">
      <Filter>Component\Graphics</Filter>
    </ClInclude>
    <ClInclude Include="GameManager.h" />
    <ClInclude Include="InGameObject\Character\Playable\Soldier.h">
      <Filter>InGameObject\Character\Playable</Filter>
    </ClInclude>
    <ClInclude Include="Component\Math\TransformComponent.h">
      <Filter>Component\Math</Filter>
    </ClInclude>
    <ClInclude Include="system\Memory\Array.h">
      <Filter>system\Memory</Filter>
    </ClInclude>
    <ClInclude Include="system\Math\Transform.h">
      <Filter>system\Math</Filter>
    </ClInclude>
  </ItemGroup>
</Project>