<?xml version="1.0" encoding="utf-8"?>
<Project ToolsVersion="4.0" xmlns="http://schemas.microsoft.com/developer/msbuild/2003">
  <ItemGroup>
    <ClCompile Include="Component\Graphics\ModelComponent.cpp" />
    <ClCompile Include="Component\Graphics\ViewModelComponent.cpp" />
    <ClCompile Include="Component\Logic\InteractComponent.cpp" />
    <ClCompile Include="DestructibleObject.cpp" />
    <ClCompile Include="Component\State\General\FlyState.cpp" />
    <ClCompile Include="Component\State\General\IdleState.cpp" />
    <ClCompile Include="Component\State\StateControllerComponent.cpp" />
    <ClCompile Include="GameManager.cpp" />
    <ClCompile Include="Component\State\IState.cpp" />
    <ClCompile Include="Parameter\ParameterManager.cpp" />
    <ClCompile Include="Scene\GameScene.cpp" />
    <ClCompile Include="main.cpp" />
    <ClCompile Include="Scene\SceneBase.cpp" />
    <ClCompile Include="Scene\SceneManager.cpp" />
    <ClCompile Include="InGameObject\Character\Playable\Soldier.cpp" />
    <ClCompile Include="Status\Enemy\EnemyStatus.cpp" />
    <ClCompile Include="Component\State\StateMachineComponent.cpp" />
    <ClCompile Include="stdafx.cpp" />
    <ClCompile Include="system\system.cpp" />
    <ClCompile Include="Scene\TitleScene.cpp" />
    <ClCompile Include="Component\Math\TransformComponent.cpp" />
    <ClCompile Include="system\Math\Transform.cpp" />
  </ItemGroup>
  <ItemGroup>
    <ClInclude Include="Component\Graphics\ModelComponent.h" />
    <ClInclude Include="Component\Graphics\ViewModelComponent.h" />
    <ClInclude Include="Component\Logic\InteractComponent.h" />
    <ClInclude Include="DestructibleObject.h" />
    <ClInclude Include="Component\State\General\FlyState.h" />
    <ClInclude Include="Component\State\General\IdleState.h" />
    <ClInclude Include="Component\State\IState.h" />
    <ClInclude Include="Component\State\StateControllerComponent.h" />
    <ClInclude Include="GameManager.h" />
    <ClInclude Include="Parameter\IMasterParameter.h" />
    <ClInclude Include="Parameter\ParameterManager.h" />
    <ClInclude Include="Scene\GameScene.h" />
    <ClInclude Include="Scene\SceneBase.h" />
    <ClInclude Include="Scene\SceneManager.h" />
    <ClInclude Include="InGameObject\Character\Playable\Soldier.h" />
    <ClInclude Include="Status\Enemy\EnemyStatus.h" />
    <ClInclude Include="Component\State\StateMachineComponent.h" />
    <ClInclude Include="stdafx.h" />
    <ClInclude Include="system\system.h" />
    <ClInclude Include="Scene\TitleScene.h" />
    <ClInclude Include="Component\Math\TransformComponent.h" />
    <ClInclude Include="system\Math\Transform.h" />
    <ClInclude Include="Util\Json\Json.h" />
    <ClInclude Include="Util\Json\json.hpp" />
  </ItemGroup>
</Project>