<?xml version="1.0" encoding="utf-8"?>
<Project ToolsVersion="4.0" xmlns="http://schemas.microsoft.com/developer/msbuild/2003">
  <ItemGroup>
    <ClCompile Include="Component\Graphics\ModelComponent.cpp" />
    <ClCompile Include="Component\Graphics\ViewModelComponent.cpp" />
    <ClCompile Include="Component\Logic\InteractComponent.cpp" />
    <ClCompile Include="DestructibleObject.cpp" />
    <ClCompile Include="Component\State\General\FlyState.cpp" />
    <ClCompile Include="Component\State\General\IdleState.cpp" />
    <ClCompile Include="Component\State\StateControllerComponent.cpp" />
    <ClCompile Include="Parameter\ParameterManager.cpp" />
    <ClCompile Include="Scene\GameScene.cpp" />
    <ClCompile Include="main.cpp" />
    <ClCompile Include="Scene\SceneBase.cpp" />
    <ClCompile Include="Scene\SceneManager.cpp" />
    <ClCompile Include="InGameObject\Character\Playable\Soldier.cpp" />
    <ClCompile Include="Status\Enemy\EnemyStatus.cpp" />
    <ClCompile Include="Component\State\StateMachineComponent.cpp" />
    <ClCompile Include="stdafx.cpp" />
    <ClCompile Include="system\system.cpp" />
    <ClCompile Include="Scene\TitleScene.cpp" />
    <ClCompile Include="Component\Math\TransformComponent.cpp" />
    <ClCompile Include="system\Math\Transform.cpp" />
    <ClCompile Include="GameManager.cpp" />
    <ClCompile Include="UISystem.cpp">
      <Filter>UI</Filter>
    </ClCompile>
    <ClCompile Include="Canvas.cpp">
      <Filter>UI</Filter>
    </ClCompile>
    <ClCompile Include="SoundManager.cpp">
      <Filter>Sound</Filter>
    </ClCompile>
    <ClCompile Include="UIColorAnimationComponent.cpp">
      <Filter>UI\UIComponent\UIAnimation</Filter>
    </ClCompile>
    <ClCompile Include="UIMoveAnimationComponent.cpp">
      <Filter>UI\UIComponent\UIAnimation</Filter>
    </ClCompile>
    <ClCompile Include="UIScaleAnimationComponent.cpp">
      <Filter>UI\UIComponent\UIAnimation</Filter>
    </ClCompile>
    <ClCompile Include="NumberDisplayUIObject.cpp">
      <Filter>UI\UIGameObject</Filter>
    </ClCompile>
    <ClCompile Include="NumberSlotUIObject.cpp">
      <Filter>UI\UIGameObject</Filter>
    </ClCompile>
    <ClCompile Include="HPBarUIObject.cpp">
      <Filter>UI\UIGameObject</Filter>
    </ClCompile>
    <ClCompile Include="ResultUI.cpp">
      <Filter>UI\UIGameObject</Filter>
    </ClCompile>
    <ClCompile Include="BarUIObject.cpp">
      <Filter>UI\UIGameObject</Filter>
    </ClCompile>
    <ClCompile Include="SpriteComponent.cpp">
      <Filter>UI\UIComponent</Filter>
    </ClCompile>
    <ClCompile Include="UIFollowComponent.cpp">
      <Filter>UI\UIComponent</Filter>
    </ClCompile>
    <ClCompile Include="UITransform.cpp">
      <Filter>UI\UIComponent</Filter>
    </ClCompile>
    <ClCompile Include="UIObfect.cpp">
      <Filter>UI\UIGameObject</Filter>
    </ClCompile>
  </ItemGroup>
  <ItemGroup>
    <ClInclude Include="Component\Graphics\ModelComponent.h" />
    <ClInclude Include="Component\Graphics\ViewModelComponent.h" />
    <ClInclude Include="Component\Logic\InteractComponent.h" />
    <ClInclude Include="DestructibleObject.h" />
    <ClInclude Include="Component\State\General\FlyState.h" />
    <ClInclude Include="Component\State\General\IdleState.h" />
    <ClInclude Include="Component\State\IState.h" />
    <ClInclude Include="Component\State\StateControllerComponent.h" />
    <ClInclude Include="Parameter\IMasterParameter.h" />
    <ClInclude Include="Parameter\ParameterManager.h" />
    <ClInclude Include="Scene\GameScene.h" />
    <ClInclude Include="Scene\SceneBase.h" />
    <ClInclude Include="Scene\SceneManager.h" />
    <ClInclude Include="InGameObject\Character\Playable\Soldier.h" />
    <ClInclude Include="Status\Enemy\EnemyStatus.h" />
    <ClInclude Include="Component\State\StateMachineComponent.h" />
    <ClInclude Include="stdafx.h" />
    <ClInclude Include="system\system.h" />
    <ClInclude Include="Scene\TitleScene.h" />
    <ClInclude Include="Component\Math\TransformComponent.h" />
    <ClInclude Include="system\Math\Transform.h" />
    <ClInclude Include="Util\Json\Json.h" />
    <ClInclude Include="Util\Json\json.hpp" />
    <ClInclude Include="GameManager.h" />
    <ClInclude Include="UISystem.h">
      <Filter>UI</Filter>
    </ClInclude>
    <ClInclude Include="Canvas.h">
      <Filter>UI</Filter>
    </ClInclude>
    <ClInclude Include="SoundManager.h">
      <Filter>Sound</Filter>
    </ClInclude>
    <ClInclude Include="SoundTypes.h">
      <Filter>Sound</Filter>
    </ClInclude>
    <ClInclude Include="MissionType.h" />
    <ClInclude Include="UIColorAnimationComponent.h">
      <Filter>UI\UIComponent\UIAnimation</Filter>
    </ClInclude>
    <ClInclude Include="UIMoveAnimationComponent.h">
      <Filter>UI\UIComponent\UIAnimation</Filter>
    </ClInclude>
    <ClInclude Include="UIScaleAnimationComponent.h">
      <Filter>UI\UIComponent\UIAnimation</Filter>
    </ClInclude>
    <ClInclude Include="UIAnimationUtil.h">
      <Filter>UI\UIComponent\UIAnimation</Filter>
    </ClInclude>
    <ClInclude Include="NumberSlotUIObject.h">
      <Filter>UI\UIGameObject</Filter>
    </ClInclude>
    <ClInclude Include="NumberDisplayUIObject.h">
      <Filter>UI\UIGameObject</Filter>
    </ClInclude>
    <ClInclude Include="HPBarUIObject.h">
      <Filter>UI\UIGameObject</Filter>
    </ClInclude>
    <ClInclude Include="ResultUI.h">
      <Filter>UI\UIGameObject</Filter>
    </ClInclude>
    <ClInclude Include="BarUIObject.h">
      <Filter>UI\UIGameObject</Filter>
    </ClInclude>
    <ClInclude Include="SpriteComponent.h">
      <Filter>UI\UIComponent</Filter>
    </ClInclude>
    <ClInclude Include="UIFollowComponent.h">
      <Filter>UI\UIComponent</Filter>
    </ClInclude>
    <ClInclude Include="UITransform.h">
      <Filter>UI\UIComponent</Filter>
    </ClInclude>
    <ClInclude Include="UIObfect.h">
      <Filter>UI\UIGameObject</Filter>
    </ClInclude>
  </ItemGroup>
  <ItemGroup>
    <Filter Include="UI">
      <UniqueIdentifier>{6205d43b-74d7-4a56-83ec-fc3041240ccd}</UniqueIdentifier>
    </Filter>
    <Filter Include="Sound">
      <UniqueIdentifier>{0aa411d2-78c6-4f5d-bef3-207bfedf256a}</UniqueIdentifier>
    </Filter>
    <Filter Include="UI\UIGameObject">
      <UniqueIdentifier>{5cf0a025-085a-4201-ae6c-718180de3d1a}</UniqueIdentifier>
    </Filter>
    <Filter Include="UI\UIComponent">
      <UniqueIdentifier>{a720126e-f59b-4ae0-9b6b-915ac9912caf}</UniqueIdentifier>
    </Filter>
    <Filter Include="UI\UIComponent\UIAnimation">
      <UniqueIdentifier>{7416972d-80b2-40a7-bf0e-bbc9ac60d959}</UniqueIdentifier>
    </Filter>
  </ItemGroup>
</Project>